
Microsoft Visual Studio Solution File, Format Version 12.00
# Visual Studio Version 17
VisualStudioVersion = 17.0.31903.59
MinimumVisualStudioVersion = 10.0.40219.1
Project("{2150E333-8FDC-42A3-9474-1A3956D46DE8}") = "src", "src", "{827E0CD3-B72D-47B6-A68D-7590B98EB39B}"
EndProject
Project("{FAE04EC0-301F-11D3-BF4B-00C04F79EFBC}") = "Backend.Api", "src\Backend.Api\Backend.Api.csproj", "{EBFF25F2-8D44-4D03-853A-61C5F659109D}"
EndProject
Project("{FAE04EC0-301F-11D3-BF4B-00C04F79EFBC}") = "Backend.Application", "src\Backend.Application\Backend.Application.csproj", "{23DDF857-4218-43F6-87C2-C38A044947EE}"
EndProject
Project("{FAE04EC0-301F-11D3-BF4B-00C04F79EFBC}") = "Backend.Domain", "src\Backend.Domain\Backend.Domain.csproj", "{51D1B0E1-D56D-42BD-8AEB-73402447892B}"
EndProject
Project("{FAE04EC0-301F-11D3-BF4B-00C04F79EFBC}") = "Backend.Services", "src\Backend.Services\Backend.Services.csproj", "{B6C6BA13-CE62-43E3-9F5C-AC7AD3862D15}"
EndProject
Project("{FAE04EC0-301F-11D3-BF4B-00C04F79EFBC}") = "Backend.Repositories", "src\Backend.Repositories\Backend.Repositories.csproj", "{F740FDC4-5FA3-49A9-8116-C88150E9A07D}"
EndProject
Global
	GlobalSection(SolutionConfigurationPlatforms) = preSolution
		Debug|Any CPU = Debug|Any CPU
		Debug|x64 = Debug|x64
		Debug|x86 = Debug|x86
		Release|Any CPU = Release|Any CPU
		Release|x64 = Release|x64
		Release|x86 = Release|x86
	EndGlobalSection
	GlobalSection(ProjectConfigurationPlatforms) = postSolution
		{EBFF25F2-8D44-4D03-853A-61C5F659109D}.Debug|Any CPU.ActiveCfg = Debug|Any CPU
		{EBFF25F2-8D44-4D03-853A-61C5F659109D}.Debug|Any CPU.Build.0 = Debug|Any CPU
		{EBFF25F2-8D44-4D03-853A-61C5F659109D}.Debug|x64.ActiveCfg = Debug|Any CPU
		{EBFF25F2-8D44-4D03-853A-61C5F659109D}.Debug|x64.Build.0 = Debug|Any CPU
		{EBFF25F2-8D44-4D03-853A-61C5F659109D}.Debug|x86.ActiveCfg = Debug|Any CPU
		{EBFF25F2-8D44-4D03-853A-61C5F659109D}.Debug|x86.Build.0 = Debug|Any CPU
		{EBFF25F2-8D44-4D03-853A-61C5F659109D}.Release|Any CPU.ActiveCfg = Release|Any CPU
		{EBFF25F2-8D44-4D03-853A-61C5F659109D}.Release|Any CPU.Build.0 = Release|Any CPU
		{EBFF25F2-8D44-4D03-853A-61C5F659109D}.Release|x64.ActiveCfg = Release|Any CPU
		{EBFF25F2-8D44-4D03-853A-61C5F659109D}.Release|x64.Build.0 = Release|Any CPU
		{EBFF25F2-8D44-4D03-853A-61C5F659109D}.Release|x86.ActiveCfg = Release|Any CPU
		{EBFF25F2-8D44-4D03-853A-61C5F659109D}.Release|x86.Build.0 = Release|Any CPU
		{23DDF857-4218-43F6-87C2-C38A044947EE}.Debug|Any CPU.ActiveCfg = Debug|Any CPU
		{23DDF857-4218-43F6-87C2-C38A044947EE}.Debug|Any CPU.Build.0 = Debug|Any CPU
		{23DDF857-4218-43F6-87C2-C38A044947EE}.Debug|x64.ActiveCfg = Debug|Any CPU
		{23DDF857-4218-43F6-87C2-C38A044947EE}.Debug|x64.Build.0 = Debug|Any CPU
		{23DDF857-4218-43F6-87C2-C38A044947EE}.Debug|x86.ActiveCfg = Debug|Any CPU
		{23DDF857-4218-43F6-87C2-C38A044947EE}.Debug|x86.Build.0 = Debug|Any CPU
		{23DDF857-4218-43F6-87C2-C38A044947EE}.Release|Any CPU.ActiveCfg = Release|Any CPU
		{23DDF857-4218-43F6-87C2-C38A044947EE}.Release|Any CPU.Build.0 = Release|Any CPU
		{23DDF857-4218-43F6-87C2-C38A044947EE}.Release|x64.ActiveCfg = Release|Any CPU
		{23DDF857-4218-43F6-87C2-C38A044947EE}.Release|x64.Build.0 = Release|Any CPU
		{23DDF857-4218-43F6-87C2-C38A044947EE}.Release|x86.ActiveCfg = Release|Any CPU
		{23DDF857-4218-43F6-87C2-C38A044947EE}.Release|x86.Build.0 = Release|Any CPU
		{51D1B0E1-D56D-42BD-8AEB-73402447892B}.Debug|Any CPU.ActiveCfg = Debug|Any CPU
		{51D1B0E1-D56D-42BD-8AEB-73402447892B}.Debug|Any CPU.Build.0 = Debug|Any CPU
		{51D1B0E1-D56D-42BD-8AEB-73402447892B}.Debug|x64.ActiveCfg = Debug|Any CPU
		{51D1B0E1-D56D-42BD-8AEB-73402447892B}.Debug|x64.Build.0 = Debug|Any CPU
		{51D1B0E1-D56D-42BD-8AEB-73402447892B}.Debug|x86.ActiveCfg = Debug|Any CPU
		{51D1B0E1-D56D-42BD-8AEB-73402447892B}.Debug|x86.Build.0 = Debug|Any CPU
		{51D1B0E1-D56D-42BD-8AEB-73402447892B}.Release|Any CPU.ActiveCfg = Release|Any CPU
		{51D1B0E1-D56D-42BD-8AEB-73402447892B}.Release|Any CPU.Build.0 = Release|Any CPU
		{51D1B0E1-D56D-42BD-8AEB-73402447892B}.Release|x64.ActiveCfg = Release|Any CPU
		{51D1B0E1-D56D-42BD-8AEB-73402447892B}.Release|x64.Build.0 = Release|Any CPU
		{51D1B0E1-D56D-42BD-8AEB-73402447892B}.Release|x86.ActiveCfg = Release|Any CPU
		{51D1B0E1-D56D-42BD-8AEB-73402447892B}.Release|x86.Build.0 = Release|Any CPU
		{B6C6BA13-CE62-43E3-9F5C-AC7AD3862D15}.Debug|Any CPU.ActiveCfg = Debug|Any CPU
		{B6C6BA13-CE62-43E3-9F5C-AC7AD3862D15}.Debug|Any CPU.Build.0 = Debug|Any CPU
		{B6C6BA13-CE62-43E3-9F5C-AC7AD3862D15}.Debug|x64.ActiveCfg = Debug|Any CPU
		{B6C6BA13-CE62-43E3-9F5C-AC7AD3862D15}.Debug|x64.Build.0 = Debug|Any CPU
		{B6C6BA13-CE62-43E3-9F5C-AC7AD3862D15}.Debug|x86.ActiveCfg = Debug|Any CPU
		{B6C6BA13-CE62-43E3-9F5C-AC7AD3862D15}.Debug|x86.Build.0 = Debug|Any CPU
		{B6C6BA13-CE62-43E3-9F5C-AC7AD3862D15}.Release|Any CPU.ActiveCfg = Release|Any CPU
		{B6C6BA13-CE62-43E3-9F5C-AC7AD3862D15}.Release|Any CPU.Build.0 = Release|Any CPU
		{B6C6BA13-CE62-43E3-9F5C-AC7AD3862D15}.Release|x64.ActiveCfg = Release|Any CPU
		{B6C6BA13-CE62-43E3-9F5C-AC7AD3862D15}.Release|x64.Build.0 = Release|Any CPU
		{B6C6BA13-CE62-43E3-9F5C-AC7AD3862D15}.Release|x86.ActiveCfg = Release|Any CPU
		{B6C6BA13-CE62-43E3-9F5C-AC7AD3862D15}.Release|x86.Build.0 = Release|Any CPU
		{F740FDC4-5FA3-49A9-8116-C88150E9A07D}.Debug|Any CPU.ActiveCfg = Debug|Any CPU
		{F740FDC4-5FA3-49A9-8116-C88150E9A07D}.Debug|Any CPU.Build.0 = Debug|Any CPU
		{F740FDC4-5FA3-49A9-8116-C88150E9A07D}.Debug|x64.ActiveCfg = Debug|Any CPU
		{F740FDC4-5FA3-49A9-8116-C88150E9A07D}.Debug|x64.Build.0 = Debug|Any CPU
		{F740FDC4-5FA3-49A9-8116-C88150E9A07D}.Debug|x86.ActiveCfg = Debug|Any CPU
		{F740FDC4-5FA3-49A9-8116-C88150E9A07D}.Debug|x86.Build.0 = Debug|Any CPU
		{F740FDC4-5FA3-49A9-8116-C88150E9A07D}.Release|Any CPU.ActiveCfg = Release|Any CPU
		{F740FDC4-5FA3-49A9-8116-C88150E9A07D}.Release|Any CPU.Build.0 = Release|Any CPU
		{F740FDC4-5FA3-49A9-8116-C88150E9A07D}.Release|x64.ActiveCfg = Release|Any CPU
		{F740FDC4-5FA3-49A9-8116-C88150E9A07D}.Release|x64.Build.0 = Release|Any CPU
		{F740FDC4-5FA3-49A9-8116-C88150E9A07D}.Release|x86.ActiveCfg = Release|Any CPU
		{F740FDC4-5FA3-49A9-8116-C88150E9A07D}.Release|x86.Build.0 = Release|Any CPU
	EndGlobalSection
	GlobalSection(SolutionProperties) = preSolution
		HideSolutionNode = FALSE
	EndGlobalSection
	GlobalSection(NestedProjects) = preSolution
		{EBFF25F2-8D44-4D03-853A-61C5F659109D} = {827E0CD3-B72D-47B6-A68D-7590B98EB39B}
		{23DDF857-4218-43F6-87C2-C38A044947EE} = {827E0CD3-B72D-47B6-A68D-7590B98EB39B}
		{51D1B0E1-D56D-42BD-8AEB-73402447892B} = {827E0CD3-B72D-47B6-A68D-7590B98EB39B}
		{B6C6BA13-CE62-43E3-9F5C-AC7AD3862D15} = {827E0CD3-B72D-47B6-A68D-7590B98EB39B}
		{F740FDC4-5FA3-49A9-8116-C88150E9A07D} = {827E0CD3-B72D-47B6-A68D-7590B98EB39B}
	EndGlobalSection
EndGlobal
